
Microsoft Visual Studio Solution File, Format Version 12.00
# Visual Studio Version 16
VisualStudioVersion = 16.0.30611.23
MinimumVisualStudioVersion = 10.0.40219.1
Project("{FAE04EC0-301F-11D3-BF4B-00C04F79EFBC}") = "InfinityUI", "Infinity\InfinityUI.csproj", "{0A512A62-3578-4508-AF55-3EE0D4F22EE2}"
EndProject
Project("{FAE04EC0-301F-11D3-BF4B-00C04F79EFBC}") = "InfinityLibrary", "InfinityLibrary\InfinityLibrary.csproj", "{46EA3B76-3E74-416B-A8CA-A49131758061}"
EndProject
Global
	GlobalSection(SolutionConfigurationPlatforms) = preSolution
		Debug|Any CPU = Debug|Any CPU
		Release|Any CPU = Release|Any CPU
	EndGlobalSection
	GlobalSection(ProjectConfigurationPlatforms) = postSolution
		{0A512A62-3578-4508-AF55-3EE0D4F22EE2}.Debug|Any CPU.ActiveCfg = Debug|Any CPU
		{0A512A62-3578-4508-AF55-3EE0D4F22EE2}.Debug|Any CPU.Build.0 = Debug|Any CPU
		{0A512A62-3578-4508-AF55-3EE0D4F22EE2}.Release|Any CPU.ActiveCfg = Release|Any CPU
		{0A512A62-3578-4508-AF55-3EE0D4F22EE2}.Release|Any CPU.Build.0 = Release|Any CPU
		{46EA3B76-3E74-416B-A8CA-A49131758061}.Debug|Any CPU.ActiveCfg = Debug|Any CPU
		{46EA3B76-3E74-416B-A8CA-A49131758061}.Debug|Any CPU.Build.0 = Debug|Any CPU
		{46EA3B76-3E74-416B-A8CA-A49131758061}.Release|Any CPU.ActiveCfg = Release|Any CPU
		{46EA3B76-3E74-416B-A8CA-A49131758061}.Release|Any CPU.Build.0 = Release|Any CPU
	EndGlobalSection
	GlobalSection(SolutionProperties) = preSolution
		HideSolutionNode = FALSE
	EndGlobalSection
	GlobalSection(ExtensibilityGlobals) = postSolution
		SolutionGuid = {A51C914E-CEF0-4B0F-BBF0-02D3E4CDC8A0}
	EndGlobalSection
EndGlobal
